
Microsoft Visual Studio Solution File, Format Version 12.00
# Visual Studio 15
Project("{FAE04EC0-301F-11D3-BF4B-00C04F79EFBC}") = "Films.API", "Films.Api\Films.Api.csproj", "{01CD8CE7-2E3C-4DFB-900E-A552507CAD70}"
EndProject
Project("{FAE04EC0-301F-11D3-BF4B-00C04F79EFBC}") = "Films.Database", "Films.Database\Films.Database.csproj", "{F36CEF96-A6BE-42CD-8365-45D9B9F23C7B}"
EndProject
Project("{FAE04EC0-301F-11D3-BF4B-00C04F79EFBC}") = "Films.Services", "Films.Services\Films.Services.csproj", "{E66B5560-D683-48C0-9F3B-9C1DE3923279}"
EndProject
Global
	GlobalSection(SolutionConfigurationPlatforms) = preSolution
		Debug|Any CPU = Debug|Any CPU
		Release|Any CPU = Release|Any CPU
	EndGlobalSection
	GlobalSection(ProjectConfigurationPlatforms) = postSolution
		{01CD8CE7-2E3C-4DFB-900E-A552507CAD70}.Debug|Any CPU.ActiveCfg = Debug|Any CPU
		{01CD8CE7-2E3C-4DFB-900E-A552507CAD70}.Debug|Any CPU.Build.0 = Debug|Any CPU
		{01CD8CE7-2E3C-4DFB-900E-A552507CAD70}.Release|Any CPU.ActiveCfg = Release|Any CPU
		{01CD8CE7-2E3C-4DFB-900E-A552507CAD70}.Release|Any CPU.Build.0 = Release|Any CPU
		{F36CEF96-A6BE-42CD-8365-45D9B9F23C7B}.Debug|Any CPU.ActiveCfg = Debug|Any CPU
		{F36CEF96-A6BE-42CD-8365-45D9B9F23C7B}.Debug|Any CPU.Build.0 = Debug|Any CPU
		{F36CEF96-A6BE-42CD-8365-45D9B9F23C7B}.Release|Any CPU.ActiveCfg = Release|Any CPU
		{F36CEF96-A6BE-42CD-8365-45D9B9F23C7B}.Release|Any CPU.Build.0 = Release|Any CPU
		{E66B5560-D683-48C0-9F3B-9C1DE3923279}.Debug|Any CPU.ActiveCfg = Debug|Any CPU
		{E66B5560-D683-48C0-9F3B-9C1DE3923279}.Debug|Any CPU.Build.0 = Debug|Any CPU
		{E66B5560-D683-48C0-9F3B-9C1DE3923279}.Release|Any CPU.ActiveCfg = Release|Any CPU
		{E66B5560-D683-48C0-9F3B-9C1DE3923279}.Release|Any CPU.Build.0 = Release|Any CPU
	EndGlobalSection
EndGlobal
